
Microsoft Visual Studio Solution File, Format Version 12.00
# Visual Studio Version 17
VisualStudioVersion = 17.13.35919.96 d17.13
MinimumVisualStudioVersion = 10.0.40219.1
Project("{FAE04EC0-301F-11D3-BF4B-00C04F79EFBC}") = "SpartaDND", "SpartaDND\SpartaDND.csproj", "{6EBF6CBE-2DB2-4794-8B23-347DF2B4C71C}"
EndProject
Global
	GlobalSection(SolutionConfigurationPlatforms) = preSolution
		Debug|Any CPU = Debug|Any CPU
		Release|Any CPU = Release|Any CPU
	EndGlobalSection
	GlobalSection(ProjectConfigurationPlatforms) = postSolution
		{6EBF6CBE-2DB2-4794-8B23-347DF2B4C71C}.Debug|Any CPU.ActiveCfg = Debug|Any CPU
		{6EBF6CBE-2DB2-4794-8B23-347DF2B4C71C}.Debug|Any CPU.Build.0 = Debug|Any CPU
		{6EBF6CBE-2DB2-4794-8B23-347DF2B4C71C}.Release|Any CPU.ActiveCfg = Release|Any CPU
		{6EBF6CBE-2DB2-4794-8B23-347DF2B4C71C}.Release|Any CPU.Build.0 = Release|Any CPU
	EndGlobalSection
	GlobalSection(SolutionProperties) = preSolution
		HideSolutionNode = FALSE
	EndGlobalSection
	GlobalSection(ExtensibilityGlobals) = postSolution
		SolutionGuid = {2D51B906-6768-4537-81F7-8901211623FD}
	EndGlobalSection
EndGlobal
